
Microsoft Visual Studio Solution File, Format Version 12.00
# Visual Studio Version 17
VisualStudioVersion = 17.4.33205.214
MinimumVisualStudioVersion = 10.0.40219.1
Project("{FAE04EC0-301F-11D3-BF4B-00C04F79EFBC}") = "BookDB", "BookDB.csproj", "{F5587BE9-44A8-4951-B4F9-8C686DE0B3FE}"
EndProject
Global
	GlobalSection(SolutionConfigurationPlatforms) = preSolution
		Debug|Any CPU = Debug|Any CPU
		Release|Any CPU = Release|Any CPU
	EndGlobalSection
	GlobalSection(ProjectConfigurationPlatforms) = postSolution
		{F5587BE9-44A8-4951-B4F9-8C686DE0B3FE}.Debug|Any CPU.ActiveCfg = Debug|Any CPU
		{F5587BE9-44A8-4951-B4F9-8C686DE0B3FE}.Debug|Any CPU.Build.0 = Debug|Any CPU
		{F5587BE9-44A8-4951-B4F9-8C686DE0B3FE}.Release|Any CPU.ActiveCfg = Release|Any CPU
		{F5587BE9-44A8-4951-B4F9-8C686DE0B3FE}.Release|Any CPU.Build.0 = Release|Any CPU
	EndGlobalSection
	GlobalSection(SolutionProperties) = preSolution
		HideSolutionNode = FALSE
	EndGlobalSection
	GlobalSection(ExtensibilityGlobals) = postSolution
		SolutionGuid = {3B84B2EF-CC2E-4480-80E2-6D48EF40F38B}
	EndGlobalSection
EndGlobal
